// !$*UTF8*$!
{
	archiveVersion = 1;
	classes = {
	};
	objectVersion = 50;
	objects = {

/* Begin PBXBuildFile section */
		7555FF83242A565900829871 /* TaskListPage.swift in Sources */ = {isa = PBXBuildFile; fileRef = 7555FF82242A565900829871 /* TaskListPage.swift */; };
		CA03149D2732A0D900B35A2F /* DrawerMenuItem.swift in Sources */ = {isa = PBXBuildFile; fileRef = CA03149C2732A0D900B35A2F /* DrawerMenuItem.swift */; };
		CA0954AF2722B6510090707C /* CategoryItem.swift in Sources */ = {isa = PBXBuildFile; fileRef = CA0954AE2722B6510090707C /* CategoryItem.swift */; };
		CA0954B12722C9890090707C /* ViewExt.swift in Sources */ = {isa = PBXBuildFile; fileRef = CA0954B02722C9890090707C /* ViewExt.swift */; };
		CA0954B32722CC540090707C /* AddTaskPage.swift in Sources */ = {isa = PBXBuildFile; fileRef = CA0954B22722CC540090707C /* AddTaskPage.swift */; };
		CA0954B52722D0650090707C /* iosApp.swift in Sources */ = {isa = PBXBuildFile; fileRef = CA0954B42722D0650090707C /* iosApp.swift */; };
		CA1E31C327215F4D00553CED /* ViewModel.swift in Sources */ = {isa = PBXBuildFile; fileRef = CA1E31C227215F4D00553CED /* ViewModel.swift */; };
		CAA7D87727268CBC00F31816 /* DrawerContentView.swift in Sources */ = {isa = PBXBuildFile; fileRef = CAA7D87627268CBC00F31816 /* DrawerContentView.swift */; };
		CAA7D87927268D4500F31816 /* CustomAppBar.swift in Sources */ = {isa = PBXBuildFile; fileRef = CAA7D87827268D4500F31816 /* CustomAppBar.swift */; };
		CAA7D87D2726A32D00F31816 /* Color.swift in Sources */ = {isa = PBXBuildFile; fileRef = CAA7D87C2726A32D00F31816 /* Color.swift */; };
		CAA7D87F2726A3DB00F31816 /* Resource.xcassets in Resources */ = {isa = PBXBuildFile; fileRef = CAA7D87E2726A3DB00F31816 /* Resource.xcassets */; };
		CAA7D8812726A54600F31816 /* StatusBarController.swift in Sources */ = {isa = PBXBuildFile; fileRef = CAA7D8802726A54600F31816 /* StatusBarController.swift */; };
		CAA7D88A2726B47400F31816 /* ProfileWidget.swift in Sources */ = {isa = PBXBuildFile; fileRef = CAA7D8892726B47400F31816 /* ProfileWidget.swift */; };
		CAB271EA2727EE3B00A80CCC /* TaskItem.swift in Sources */ = {isa = PBXBuildFile; fileRef = CAB271E92727EE3B00A80CCC /* TaskItem.swift */; };
		CAB271EC2727F33D00A80CCC /* UndoButton.swift in Sources */ = {isa = PBXBuildFile; fileRef = CAB271EB2727F33D00A80CCC /* UndoButton.swift */; };
		CACE71162725E04F0049B32D /* AppDrawer.swift in Sources */ = {isa = PBXBuildFile; fileRef = CACE71152725E04F0049B32D /* AppDrawer.swift */; };
		CAEE2E1127216A8D0010A296 /* ModelExt.swift in Sources */ = {isa = PBXBuildFile; fileRef = CAEE2E1027216A8D0010A296 /* ModelExt.swift */; };
/* End PBXBuildFile section */

/* Begin PBXCopyFilesBuildPhase section */
		7555FFB4242A642300829871 /* Embed Frameworks */ = {
			isa = PBXCopyFilesBuildPhase;
			buildActionMask = 2147483647;
			dstPath = "";
			dstSubfolderSpec = 10;
			files = (
			);
			name = "Embed Frameworks";
			runOnlyForDeploymentPostprocessing = 0;
		};
/* End PBXCopyFilesBuildPhase section */

/* Begin PBXFileReference section */
		7555FF7B242A565900829871 /* iosApp.app */ = {isa = PBXFileReference; explicitFileType = wrapper.application; includeInIndex = 0; path = iosApp.app; sourceTree = BUILT_PRODUCTS_DIR; };
		7555FF82242A565900829871 /* TaskListPage.swift */ = {isa = PBXFileReference; lastKnownFileType = sourcecode.swift; path = TaskListPage.swift; sourceTree = "<group>"; };
		7555FF8C242A565B00829871 /* Info.plist */ = {isa = PBXFileReference; lastKnownFileType = text.plist.xml; path = Info.plist; sourceTree = "<group>"; };
		CA03149C2732A0D900B35A2F /* DrawerMenuItem.swift */ = {isa = PBXFileReference; lastKnownFileType = sourcecode.swift; path = DrawerMenuItem.swift; sourceTree = "<group>"; };
		CA0954AE2722B6510090707C /* CategoryItem.swift */ = {isa = PBXFileReference; lastKnownFileType = sourcecode.swift; path = CategoryItem.swift; sourceTree = "<group>"; };
		CA0954B02722C9890090707C /* ViewExt.swift */ = {isa = PBXFileReference; lastKnownFileType = sourcecode.swift; path = ViewExt.swift; sourceTree = "<group>"; };
		CA0954B22722CC540090707C /* AddTaskPage.swift */ = {isa = PBXFileReference; lastKnownFileType = sourcecode.swift; path = AddTaskPage.swift; sourceTree = "<group>"; };
		CA0954B42722D0650090707C /* iosApp.swift */ = {isa = PBXFileReference; lastKnownFileType = sourcecode.swift; path = iosApp.swift; sourceTree = "<group>"; };
		CA1E31C227215F4D00553CED /* ViewModel.swift */ = {isa = PBXFileReference; lastKnownFileType = sourcecode.swift; path = ViewModel.swift; sourceTree = "<group>"; };
		CAA7D87627268CBC00F31816 /* DrawerContentView.swift */ = {isa = PBXFileReference; lastKnownFileType = sourcecode.swift; path = DrawerContentView.swift; sourceTree = "<group>"; };
		CAA7D87827268D4500F31816 /* CustomAppBar.swift */ = {isa = PBXFileReference; lastKnownFileType = sourcecode.swift; path = CustomAppBar.swift; sourceTree = "<group>"; };
		CAA7D87C2726A32D00F31816 /* Color.swift */ = {isa = PBXFileReference; lastKnownFileType = sourcecode.swift; path = Color.swift; sourceTree = "<group>"; };
		CAA7D87E2726A3DB00F31816 /* Resource.xcassets */ = {isa = PBXFileReference; lastKnownFileType = folder.assetcatalog; path = Resource.xcassets; sourceTree = "<group>"; };
		CAA7D8802726A54600F31816 /* StatusBarController.swift */ = {isa = PBXFileReference; lastKnownFileType = sourcecode.swift; path = StatusBarController.swift; sourceTree = "<group>"; };
		CAA7D8892726B47400F31816 /* ProfileWidget.swift */ = {isa = PBXFileReference; lastKnownFileType = sourcecode.swift; path = ProfileWidget.swift; sourceTree = "<group>"; };
		CAB271E92727EE3B00A80CCC /* TaskItem.swift */ = {isa = PBXFileReference; lastKnownFileType = sourcecode.swift; path = TaskItem.swift; sourceTree = "<group>"; };
		CAB271EB2727F33D00A80CCC /* UndoButton.swift */ = {isa = PBXFileReference; lastKnownFileType = sourcecode.swift; path = UndoButton.swift; sourceTree = "<group>"; };
		CACE71152725E04F0049B32D /* AppDrawer.swift */ = {isa = PBXFileReference; lastKnownFileType = sourcecode.swift; path = AppDrawer.swift; sourceTree = "<group>"; };
		CAEE2E1027216A8D0010A296 /* ModelExt.swift */ = {isa = PBXFileReference; lastKnownFileType = sourcecode.swift; path = ModelExt.swift; sourceTree = "<group>"; };
/* End PBXFileReference section */

/* Begin PBXFrameworksBuildPhase section */
		7555FF78242A565900829871 /* Frameworks */ = {
			isa = PBXFrameworksBuildPhase;
			buildActionMask = 2147483647;
			files = (
			);
			runOnlyForDeploymentPostprocessing = 0;
		};
/* End PBXFrameworksBuildPhase section */

/* Begin PBXGroup section */
		7555FF72242A565900829871 = {
			isa = PBXGroup;
			children = (
				7555FF7D242A565900829871 /* iosApp */,
				7555FF7C242A565900829871 /* Products */,
				7555FFB0242A642200829871 /* Frameworks */,
			);
			sourceTree = "<group>";
		};
		7555FF7C242A565900829871 /* Products */ = {
			isa = PBXGroup;
			children = (
				7555FF7B242A565900829871 /* iosApp.app */,
			);
			name = Products;
			sourceTree = "<group>";
		};
		7555FF7D242A565900829871 /* iosApp */ = {
			isa = PBXGroup;
			children = (
				CAA7D8882726AF8D00F31816 /* Model */,
				CAA7D8872726AF5300F31816 /* Resource */,
				CAA7D8842726AEFC00F31816 /* ViewModel */,
				CAA7D8822726AEAF00F31816 /* View */,
				7555FF8C242A565B00829871 /* Info.plist */,
				CA0954B42722D0650090707C /* iosApp.swift */,
			);
			path = iosApp;
			sourceTree = "<group>";
		};
		7555FFB0242A642200829871 /* Frameworks */ = {
			isa = PBXGroup;
			children = (
			);
			name = Frameworks;
			sourceTree = "<group>";
		};
		CAA7D8822726AEAF00F31816 /* View */ = {
			isa = PBXGroup;
			children = (
				CAA7D8862726AF2900F31816 /* Utility */,
				CAA7D8852726AF1800F31816 /* Widget */,
				CAA7D8832726AEB500F31816 /* Page */,
			);
			path = View;
			sourceTree = "<group>";
		};
		CAA7D8832726AEB500F31816 /* Page */ = {
			isa = PBXGroup;
			children = (
				CAA7D87627268CBC00F31816 /* DrawerContentView.swift */,
				7555FF82242A565900829871 /* TaskListPage.swift */,
				CA0954B22722CC540090707C /* AddTaskPage.swift */,
			);
			path = Page;
			sourceTree = "<group>";
		};
		CAA7D8842726AEFC00F31816 /* ViewModel */ = {
			isa = PBXGroup;
			children = (
				CA1E31C227215F4D00553CED /* ViewModel.swift */,
			);
			path = ViewModel;
			sourceTree = "<group>";
		};
		CAA7D8852726AF1800F31816 /* Widget */ = {
			isa = PBXGroup;
			children = (
				CACE71152725E04F0049B32D /* AppDrawer.swift */,
				CA0954AE2722B6510090707C /* CategoryItem.swift */,
				CAA7D87827268D4500F31816 /* CustomAppBar.swift */,
				CAA7D8892726B47400F31816 /* ProfileWidget.swift */,
				CAB271E92727EE3B00A80CCC /* TaskItem.swift */,
				CAB271EB2727F33D00A80CCC /* UndoButton.swift */,
				CA03149C2732A0D900B35A2F /* DrawerMenuItem.swift */,
			);
			path = Widget;
			sourceTree = "<group>";
		};
		CAA7D8862726AF2900F31816 /* Utility */ = {
			isa = PBXGroup;
			children = (
				CA0954B02722C9890090707C /* ViewExt.swift */,
				CAA7D8802726A54600F31816 /* StatusBarController.swift */,
			);
			path = Utility;
			sourceTree = "<group>";
		};
		CAA7D8872726AF5300F31816 /* Resource */ = {
			isa = PBXGroup;
			children = (
				CAA7D87E2726A3DB00F31816 /* Resource.xcassets */,
				CAA7D87C2726A32D00F31816 /* Color.swift */,
			);
			path = Resource;
			sourceTree = "<group>";
		};
		CAA7D8882726AF8D00F31816 /* Model */ = {
			isa = PBXGroup;
			children = (
				CAEE2E1027216A8D0010A296 /* ModelExt.swift */,
			);
			path = Model;
			sourceTree = "<group>";
		};
/* End PBXGroup section */

/* Begin PBXNativeTarget section */
		7555FF7A242A565900829871 /* iosApp */ = {
			isa = PBXNativeTarget;
			buildConfigurationList = 7555FFA5242A565B00829871 /* Build configuration list for PBXNativeTarget "iosApp" */;
			buildPhases = (
				7555FFB5242A651A00829871 /* ShellScript */,
				7555FF77242A565900829871 /* Sources */,
				7555FF78242A565900829871 /* Frameworks */,
				7555FF79242A565900829871 /* Resources */,
				7555FFB4242A642300829871 /* Embed Frameworks */,
			);
			buildRules = (
			);
			dependencies = (
			);
			name = iosApp;
			productName = iosApp;
			productReference = 7555FF7B242A565900829871 /* iosApp.app */;
			productType = "com.apple.product-type.application";
		};
/* End PBXNativeTarget section */

/* Begin PBXProject section */
		7555FF73242A565900829871 /* Project object */ = {
			isa = PBXProject;
			attributes = {
				LastSwiftUpdateCheck = 1130;
				LastUpgradeCheck = 1130;
				ORGANIZATIONNAME = PSM;
				TargetAttributes = {
					7555FF7A242A565900829871 = {
						CreatedOnToolsVersion = 11.3.1;
					};
				};
			};
			buildConfigurationList = 7555FF76242A565900829871 /* Build configuration list for PBXProject "iosApp" */;
			compatibilityVersion = "Xcode 9.3";
			developmentRegion = en;
			hasScannedForEncodings = 0;
			knownRegions = (
				en,
				Base,
			);
			mainGroup = 7555FF72242A565900829871;
			productRefGroup = 7555FF7C242A565900829871 /* Products */;
			projectDirPath = "";
			projectRoot = "";
			targets = (
				7555FF7A242A565900829871 /* iosApp */,
			);
		};
/* End PBXProject section */

/* Begin PBXResourcesBuildPhase section */
		7555FF79242A565900829871 /* Resources */ = {
			isa = PBXResourcesBuildPhase;
			buildActionMask = 2147483647;
			files = (
				CAA7D87F2726A3DB00F31816 /* Resource.xcassets in Resources */,
			);
			runOnlyForDeploymentPostprocessing = 0;
		};
/* End PBXResourcesBuildPhase section */

/* Begin PBXShellScriptBuildPhase section */
		7555FFB5242A651A00829871 /* ShellScript */ = {
			isa = PBXShellScriptBuildPhase;
			buildActionMask = 2147483647;
			files = (
			);
			inputFileListPaths = (
			);
			inputPaths = (
			);
			outputFileListPaths = (
			);
			outputPaths = (
			);
			runOnlyForDeploymentPostprocessing = 0;
			shellPath = /bin/sh;
			shellScript = "cd \"$SRCROOT/..\"\n./gradlew :shared:embedAndSignAppleFrameworkForXcode\n";
		};
/* End PBXShellScriptBuildPhase section */

/* Begin PBXSourcesBuildPhase section */
		7555FF77242A565900829871 /* Sources */ = {
			isa = PBXSourcesBuildPhase;
			buildActionMask = 2147483647;
			files = (
				CA03149D2732A0D900B35A2F /* DrawerMenuItem.swift in Sources */,
				CAA7D87927268D4500F31816 /* CustomAppBar.swift in Sources */,
				CACE71162725E04F0049B32D /* AppDrawer.swift in Sources */,
				CAA7D87D2726A32D00F31816 /* Color.swift in Sources */,
				CA0954B52722D0650090707C /* iosApp.swift in Sources */,
				CA1E31C327215F4D00553CED /* ViewModel.swift in Sources */,
				CAA7D87727268CBC00F31816 /* DrawerContentView.swift in Sources */,
				7555FF83242A565900829871 /* TaskListPage.swift in Sources */,
				CA0954AF2722B6510090707C /* CategoryItem.swift in Sources */,
				CAA7D88A2726B47400F31816 /* ProfileWidget.swift in Sources */,
				CAA7D8812726A54600F31816 /* StatusBarController.swift in Sources */,
				CA0954B32722CC540090707C /* AddTaskPage.swift in Sources */,
				CA0954B12722C9890090707C /* ViewExt.swift in Sources */,
				CAEE2E1127216A8D0010A296 /* ModelExt.swift in Sources */,
				CAB271EA2727EE3B00A80CCC /* TaskItem.swift in Sources */,
				CAB271EC2727F33D00A80CCC /* UndoButton.swift in Sources */,
			);
			runOnlyForDeploymentPostprocessing = 0;
		};
/* End PBXSourcesBuildPhase section */

/* Begin XCBuildConfiguration section */
		7555FFA3242A565B00829871 /* Debug */ = {
			isa = XCBuildConfiguration;
			buildSettings = {
				ALWAYS_SEARCH_USER_PATHS = NO;
				CLANG_ANALYZER_NONNULL = YES;
				CLANG_ANALYZER_NUMBER_OBJECT_CONVERSION = YES_AGGRESSIVE;
				CLANG_CXX_LANGUAGE_STANDARD = "gnu++14";
				CLANG_CXX_LIBRARY = "libc++";
				CLANG_ENABLE_MODULES = YES;
				CLANG_ENABLE_OBJC_ARC = YES;
				CLANG_ENABLE_OBJC_WEAK = YES;
				CLANG_WARN_BLOCK_CAPTURE_AUTORELEASING = YES;
				CLANG_WARN_BOOL_CONVERSION = YES;
				CLANG_WARN_COMMA = YES;
				CLANG_WARN_CONSTANT_CONVERSION = YES;
				CLANG_WARN_DEPRECATED_OBJC_IMPLEMENTATIONS = YES;
				CLANG_WARN_DIRECT_OBJC_ISA_USAGE = YES_ERROR;
				CLANG_WARN_DOCUMENTATION_COMMENTS = YES;
				CLANG_WARN_EMPTY_BODY = YES;
				CLANG_WARN_ENUM_CONVERSION = YES;
				CLANG_WARN_INFINITE_RECURSION = YES;
				CLANG_WARN_INT_CONVERSION = YES;
				CLANG_WARN_NON_LITERAL_NULL_CONVERSION = YES;
				CLANG_WARN_OBJC_IMPLICIT_RETAIN_SELF = YES;
				CLANG_WARN_OBJC_LITERAL_CONVERSION = YES;
				CLANG_WARN_OBJC_ROOT_CLASS = YES_ERROR;
				CLANG_WARN_QUOTED_INCLUDE_IN_FRAMEWORK_HEADER = YES;
				CLANG_WARN_RANGE_LOOP_ANALYSIS = YES;
				CLANG_WARN_STRICT_PROTOTYPES = YES;
				CLANG_WARN_SUSPICIOUS_MOVE = YES;
				CLANG_WARN_UNGUARDED_AVAILABILITY = YES_AGGRESSIVE;
				CLANG_WARN_UNREACHABLE_CODE = YES;
				CLANG_WARN__DUPLICATE_METHOD_MATCH = YES;
				COPY_PHASE_STRIP = NO;
				DEBUG_INFORMATION_FORMAT = "dwarf-with-dsym";
				ENABLE_STRICT_OBJC_MSGSEND = YES;
				ENABLE_TESTABILITY = YES;
				GCC_C_LANGUAGE_STANDARD = gnu11;
				GCC_DYNAMIC_NO_PIC = NO;
				GCC_NO_COMMON_BLOCKS = YES;
				GCC_OPTIMIZATION_LEVEL = 0;
				GCC_PREPROCESSOR_DEFINITIONS = (
					"DEBUG=1",
					"$(inherited)",
				);
				GCC_WARN_64_TO_32_BIT_CONVERSION = YES;
				GCC_WARN_ABOUT_RETURN_TYPE = YES_ERROR;
				GCC_WARN_UNDECLARED_SELECTOR = YES;
				GCC_WARN_UNINITIALIZED_AUTOS = YES_AGGRESSIVE;
				GCC_WARN_UNUSED_FUNCTION = YES;
				GCC_WARN_UNUSED_VARIABLE = YES;
				IPHONEOS_DEPLOYMENT_TARGET = 14.1;
				MTL_ENABLE_DEBUG_INFO = INCLUDE_SOURCE;
				MTL_FAST_MATH = YES;
				ONLY_ACTIVE_ARCH = YES;
				SDKROOT = iphoneos;
				SWIFT_ACTIVE_COMPILATION_CONDITIONS = DEBUG;
				SWIFT_OPTIMIZATION_LEVEL = "-Onone";
			};
			name = Debug;
		};
		7555FFA4242A565B00829871 /* Release */ = {
			isa = XCBuildConfiguration;
			buildSettings = {
				ALWAYS_SEARCH_USER_PATHS = NO;
				CLANG_ANALYZER_NONNULL = YES;
				CLANG_ANALYZER_NUMBER_OBJECT_CONVERSION = YES_AGGRESSIVE;
				CLANG_CXX_LANGUAGE_STANDARD = "gnu++14";
				CLANG_CXX_LIBRARY = "libc++";
				CLANG_ENABLE_MODULES = YES;
				CLANG_ENABLE_OBJC_ARC = YES;
				CLANG_ENABLE_OBJC_WEAK = YES;
				CLANG_WARN_BLOCK_CAPTURE_AUTORELEASING = YES;
				CLANG_WARN_BOOL_CONVERSION = YES;
				CLANG_WARN_COMMA = YES;
				CLANG_WARN_CONSTANT_CONVERSION = YES;
				CLANG_WARN_DEPRECATED_OBJC_IMPLEMENTATIONS = YES;
				CLANG_WARN_DIRECT_OBJC_ISA_USAGE = YES_ERROR;
				CLANG_WARN_DOCUMENTATION_COMMENTS = YES;
				CLANG_WARN_EMPTY_BODY = YES;
				CLANG_WARN_ENUM_CONVERSION = YES;
				CLANG_WARN_INFINITE_RECURSION = YES;
				CLANG_WARN_INT_CONVERSION = YES;
				CLANG_WARN_NON_LITERAL_NULL_CONVERSION = YES;
				CLANG_WARN_OBJC_IMPLICIT_RETAIN_SELF = YES;
				CLANG_WARN_OBJC_LITERAL_CONVERSION = YES;
				CLANG_WARN_OBJC_ROOT_CLASS = YES_ERROR;
				CLANG_WARN_QUOTED_INCLUDE_IN_FRAMEWORK_HEADER = YES;
				CLANG_WARN_RANGE_LOOP_ANALYSIS = YES;
				CLANG_WARN_STRICT_PROTOTYPES = YES;
				CLANG_WARN_SUSPICIOUS_MOVE = YES;
				CLANG_WARN_UNGUARDED_AVAILABILITY = YES_AGGRESSIVE;
				CLANG_WARN_UNREACHABLE_CODE = YES;
				CLANG_WARN__DUPLICATE_METHOD_MATCH = YES;
				COPY_PHASE_STRIP = NO;
				DEBUG_INFORMATION_FORMAT = "dwarf-with-dsym";
				ENABLE_NS_ASSERTIONS = NO;
				ENABLE_STRICT_OBJC_MSGSEND = YES;
				GCC_C_LANGUAGE_STANDARD = gnu11;
				GCC_NO_COMMON_BLOCKS = YES;
				GCC_WARN_64_TO_32_BIT_CONVERSION = YES;
				GCC_WARN_ABOUT_RETURN_TYPE = YES_ERROR;
				GCC_WARN_UNDECLARED_SELECTOR = YES;
				GCC_WARN_UNINITIALIZED_AUTOS = YES_AGGRESSIVE;
				GCC_WARN_UNUSED_FUNCTION = YES;
				GCC_WARN_UNUSED_VARIABLE = YES;
				IPHONEOS_DEPLOYMENT_TARGET = 14.1;
				MTL_ENABLE_DEBUG_INFO = NO;
				MTL_FAST_MATH = YES;
				SDKROOT = iphoneos;
				SWIFT_COMPILATION_MODE = wholemodule;
				SWIFT_OPTIMIZATION_LEVEL = "-O";
				VALIDATE_PRODUCT = YES;
			};
			name = Release;
		};
		7555FFA6242A565B00829871 /* Debug */ = {
			isa = XCBuildConfiguration;
			buildSettings = {
				CODE_SIGN_STYLE = Automatic;
				ENABLE_PREVIEWS = YES;
				FRAMEWORK_SEARCH_PATHS = "$(SRCROOT)/../shared/build/xcode-frameworks/$(CONFIGURATION)/$(SDK_NAME)";
				INFOPLIST_FILE = iosApp/Info.plist;
				LD_RUNPATH_SEARCH_PATHS = (
					"$(inherited)",
					"@executable_path/Frameworks",
				);
				OTHER_LDFLAGS = (
					"$(inherited)",
					"-framework",
					shared,
				);
				PRODUCT_BUNDLE_IDENTIFIER = orgIdentifier.iosApp;
				PRODUCT_NAME = "$(TARGET_NAME)";
				SWIFT_VERSION = 5.0;
				TARGETED_DEVICE_FAMILY = "1,2";
			};
			name = Debug;
		};
		7555FFA7242A565B00829871 /* Release */ = {
			isa = XCBuildConfiguration;
			buildSettings = {
				CODE_SIGN_STYLE = Automatic;
				ENABLE_PREVIEWS = YES;
				FRAMEWORK_SEARCH_PATHS = "$(SRCROOT)/../shared/build/xcode-frameworks/$(CONFIGURATION)/$(SDK_NAME)";
				INFOPLIST_FILE = iosApp/Info.plist;
				LD_RUNPATH_SEARCH_PATHS = (
					"$(inherited)",
					"@executable_path/Frameworks",
				);
				OTHER_LDFLAGS = (
					"$(inherited)",
					"-framework",
					shared,
				);
				PRODUCT_BUNDLE_IDENTIFIER = orgIdentifier.iosApp;
				PRODUCT_NAME = "$(TARGET_NAME)";
				SWIFT_VERSION = 5.0;
				TARGETED_DEVICE_FAMILY = "1,2";
			};
			name = Release;
		};
/* End XCBuildConfiguration section */

/* Begin XCConfigurationList section */
		7555FF76242A565900829871 /* Build configuration list for PBXProject "iosApp" */ = {
			isa = XCConfigurationList;
			buildConfigurations = (
				7555FFA3242A565B00829871 /* Debug */,
				7555FFA4242A565B00829871 /* Release */,
			);
			defaultConfigurationIsVisible = 0;
			defaultConfigurationName = Release;
		};
		7555FFA5242A565B00829871 /* Build configuration list for PBXNativeTarget "iosApp" */ = {
			isa = XCConfigurationList;
			buildConfigurations = (
				7555FFA6242A565B00829871 /* Debug */,
				7555FFA7242A565B00829871 /* Release */,
			);
			defaultConfigurationIsVisible = 0;
			defaultConfigurationName = Release;
		};
/* End XCConfigurationList section */
	};
	rootObject = 7555FF73242A565900829871 /* Project object */;
}
